<Solution>
  <Project Path="AStarDev.ScraperPlaying/AStarDev.ScraperPlaying.csproj" />
  <Project Path="AStarDev.ScraperPlaying.TestsUnit/AStarDev.ScraperPlaying.TestsUnit.csproj" />
  <Project Path="AStarDev.ScraperPlaying.TestsIntegration/AStarDev.ScraperPlaying.TestsIntegration.csproj" />
  <Folder Name="/infrastructure/">
    <Project Path="infrastructure/AStarDev.EFCoreSqlite/AStarDev.EFCoreSqlite.csproj" />
    <Project Path="infrastructure/AStarDev.EFCoreSqlite.TestsUnit/AStarDev.EFCoreSqlite.TestsUnit.csproj" />
    <Project Path="infrastructure/AStarDev.ControlDb/AStarDev.ControlDb.csproj" />
    <Project Path="infrastructure/AStarDev.ControlDb.TestsUnit/AStarDev.ControlDb.TestsUnit.csproj" />
    <Project Path="infrastructure/AStarDev.ControlDb.TestsIntegration/AStarDev.ControlDb.TestsIntegration.csproj" />
    <Project Path="infrastructure/AStarDev.FunctionalParadigm/AStarDev.FunctionalParadigm.csproj" />
    <Project Path="infrastructure/AStarDev.FunctionalParadigm.TestsUnit/AStarDev.FunctionalParadigm.TestsUnit.csproj" />
    <Folder Name="/logging/">
      <Project Path="infrastructure/logging/AStarDev.LoggingExtensions/AStarDev.LoggingExtensions.csproj" />
      <Project Path="infrastructure/logging/AStarDev.LoggingExtensions.TestsUnit/AStarDev.LoggingExtensions.TestsUnit.csproj" />
      <Project Path="infrastructure/logging/AStarDev.LoggingOTel/AStarDev.LoggingOTel.csproj" />
      <Project Path="infrastructure/logging/AStarDev.LoggingOTel.TestsUnit/AStarDev.LoggingOTel.TestsUnit.csproj" />
    </Folder>
    <Project Path="infrastructure/source-generators/AStarDev.SourceAnalyzers/AStarDev.SourceAnalyzers.csproj" />
    <Project Path="infrastructure/source-generators/AStarDev.SourceAnalyzers.TestsUnit/AStarDev.SourceAnalyzers.TestsUnit.csproj" />
    <Project Path="infrastructure/source-generators/AStarDev.SourceGeneratorAttributes/AStarDev.SourceGeneratorAttributes.csproj" />
    <Project Path="infrastructure/source-generators/AStarDev.SourceGeneratorAttributes.TestsUnit/AStarDev.SourceGeneratorAttributes.TestsUnit.csproj" />
    <Project Path="infrastructure/source-generators/AStarDev.SourceGenerators/AStarDev.SourceGenerators.csproj" />
    <Project Path="infrastructure/source-generators/AStarDev.SourceGenerators.TestsUnit/AStarDev.SourceGenerators.TestsUnit.csproj" />
    <Project Path="infrastructure/utilities/AStarDev.GuardClauses.TestsUnit/AStarDev.GuardClauses.TestsUnit.csproj" />
    <Project Path="infrastructure/utilities/AStarDev.GuardClauses/AStarDev.GuardClauses.csproj" />
    <Project Path="infrastructure/utilities/AStarDev.TechnicalDebtReporting.TestsUnit/AStarDev.TechnicalDebtReporting.TestsUnit.csproj" />
    <Project Path="infrastructure/utilities/AStarDev.TechnicalDebtReporting/AStarDev.TechnicalDebtReporting.csproj" />
    <Project Path="infrastructure/utilities/AStarDev.Utilities.TestsUnit/AStarDev.Utilities.TestsUnit.csproj" />
    <Project Path="infrastructure/utilities/AStarDev.Utilities/AStarDev.Utilities.csproj" />
    <Project Path="infrastructure/utilities/AStarDev.FluentAssignments.TestsUnit/AStarDev.FluentAssignments.TestsUnit.csproj" />
    <Project Path="infrastructure/utilities/AStarDev.FluentAssignments/AStar.Dev.FluentAssignments.csproj" />
    <Project Path="infrastructure/utilities/AStarDev.VelopackPublishing.TestsUnit/AStarDev.VelopackPublishing.TestsUnit.csproj" />
    <Project Path="infrastructure/utilities/AStarDev.VelopackPublishing/AStarDev.VelopackPublishing.csproj" />
    <Project Path="infrastructure/utilities/AStarDev.VelopackPublishingAvalonia.TestsUnit/AStarDev.VelopackPublishingAvalonia.TestsUnit.csproj" />
    <Project Path="infrastructure/utilities/AStarDev.VelopackPublishingAvalonia/AStarDev.VelopackPublishingAvalonia.csproj" />
  </Folder>
</Solution>
