<Solution>
  <Project Path="AStarDev.ScraperPlaying/AStarDev.ScraperPlaying.csproj" />
  <Project Path="AStarDev.ScraperPlaying.TestsUnit/AStarDev.ScraperPlaying.TestsUnit.csproj" />
  <Project Path="AStarDev.ScraperPlaying.TestsIntegration/AStarDev.ScraperPlaying.TestsIntegration.csproj" />
  <Folder Name="/infrastructure/">
    <Project Path="infrastructure/AStarDev.EFCoreSqlite/AStarDev.EFCoreSqlite.csproj" />
    <Project Path="infrastructure/AStarDev.EFCoreSqlite.TestsUnit/AStarDev.EFCoreSqlite.TestsUnit.csproj" />
    <Project Path="infrastructure/AStarDev.ControlDb/AStarDev.ControlDb.csproj" />
    <Project Path="infrastructure/AStarDev.ControlDb.TestsUnit/AStarDev.ControlDb.TestsUnit.csproj" />
    <Project Path="infrastructure/AStarDev.ControlDb.TestsIntegration/AStarDev.ControlDb.TestsIntegration.csproj" />
    <Project Path="infrastructure/AStarDev.FunctionalParadigm/AStarDev.FunctionalParadigm.csproj" />
    <Project Path="infrastructure/AStarDev.FunctionalParadigm.TestsUnit/AStarDev.FunctionalParadigm.TestsUnit.csproj" />
  </Folder>
</Solution>
